// !$*UTF8*$!
{
	archiveVersion = 1;
	classes = {
	};
	objectVersion = 46;
	objects = {

/* Begin PBXBuildFile section */
		3F848E491BBC4AFE008EF19C /* AppDelegate.swift in Sources */ = {isa = PBXBuildFile; fileRef = 3F848E481BBC4AFE008EF19C /* AppDelegate.swift */; };
		3F848E4B1BBC4AFE008EF19C /* ViewController.swift in Sources */ = {isa = PBXBuildFile; fileRef = 3F848E4A1BBC4AFE008EF19C /* ViewController.swift */; };
		3F848E4E1BBC4AFE008EF19C /* Main.storyboard in Resources */ = {isa = PBXBuildFile; fileRef = 3F848E4C1BBC4AFE008EF19C /* Main.storyboard */; };
		3F848E501BBC4AFE008EF19C /* Assets.xcassets in Resources */ = {isa = PBXBuildFile; fileRef = 3F848E4F1BBC4AFE008EF19C /* Assets.xcassets */; };
		3F848E531BBC4AFE008EF19C /* LaunchScreen.storyboard in Resources */ = {isa = PBXBuildFile; fileRef = 3F848E511BBC4AFE008EF19C /* LaunchScreen.storyboard */; };
		3F848E5E1BBC4AFE008EF19C /* TipCalculatorTests.swift in Sources */ = {isa = PBXBuildFile; fileRef = 3F848E5D1BBC4AFE008EF19C /* TipCalculatorTests.swift */; };
		3F848E691BBC4AFE008EF19C /* TipCalculatorUITests.swift in Sources */ = {isa = PBXBuildFile; fileRef = 3F848E681BBC4AFE008EF19C /* TipCalculatorUITests.swift */; };
/* End PBXBuildFile section */

/* Begin PBXContainerItemProxy section */
		3F848E5A1BBC4AFE008EF19C /* PBXContainerItemProxy */ = {
			isa = PBXContainerItemProxy;
			containerPortal = 3F848E3D1BBC4AFE008EF19C /* Project object */;
			proxyType = 1;
			remoteGlobalIDString = 3F848E441BBC4AFE008EF19C;
			remoteInfo = TipCalculator;
		};
		3F848E651BBC4AFE008EF19C /* PBXContainerItemProxy */ = {
			isa = PBXContainerItemProxy;
			containerPortal = 3F848E3D1BBC4AFE008EF19C /* Project object */;
			proxyType = 1;
			remoteGlobalIDString = 3F848E441BBC4AFE008EF19C;
			remoteInfo = TipCalculator;
		};
/* End PBXContainerItemProxy section */

/* Begin PBXFileReference section */
		3F848E451BBC4AFE008EF19C /* TipCalculator.app */ = {isa = PBXFileReference; explicitFileType = wrapper.application; includeInIndex = 0; path = TipCalculator.app; sourceTree = BUILT_PRODUCTS_DIR; };
		3F848E481BBC4AFE008EF19C /* AppDelegate.swift */ = {isa = PBXFileReference; lastKnownFileType = sourcecode.swift; path = AppDelegate.swift; sourceTree = "<group>"; };
		3F848E4A1BBC4AFE008EF19C /* ViewController.swift */ = {isa = PBXFileReference; lastKnownFileType = sourcecode.swift; path = ViewController.swift; sourceTree = "<group>"; };
		3F848E4D1BBC4AFE008EF19C /* Base */ = {isa = PBXFileReference; lastKnownFileType = file.storyboard; name = Base; path = Base.lproj/Main.storyboard; sourceTree = "<group>"; };
		3F848E4F1BBC4AFE008EF19C /* Assets.xcassets */ = {isa = PBXFileReference; lastKnownFileType = folder.assetcatalog; path = Assets.xcassets; sourceTree = "<group>"; };
		3F848E521BBC4AFE008EF19C /* Base */ = {isa = PBXFileReference; lastKnownFileType = file.storyboard; name = Base; path = Base.lproj/LaunchScreen.storyboard; sourceTree = "<group>"; };
		3F848E541BBC4AFE008EF19C /* Info.plist */ = {isa = PBXFileReference; lastKnownFileType = text.plist.xml; path = Info.plist; sourceTree = "<group>"; };
		3F848E591BBC4AFE008EF19C /* TipCalculatorTests.xctest */ = {isa = PBXFileReference; explicitFileType = wrapper.cfbundle; includeInIndex = 0; path = TipCalculatorTests.xctest; sourceTree = BUILT_PRODUCTS_DIR; };
		3F848E5D1BBC4AFE008EF19C /* TipCalculatorTests.swift */ = {isa = PBXFileReference; lastKnownFileType = sourcecode.swift; path = TipCalculatorTests.swift; sourceTree = "<group>"; };
		3F848E5F1BBC4AFE008EF19C /* Info.plist */ = {isa = PBXFileReference; lastKnownFileType = text.plist.xml; path = Info.plist; sourceTree = "<group>"; };
		3F848E641BBC4AFE008EF19C /* TipCalculatorUITests.xctest */ = {isa = PBXFileReference; explicitFileType = wrapper.cfbundle; includeInIndex = 0; path = TipCalculatorUITests.xctest; sourceTree = BUILT_PRODUCTS_DIR; };
		3F848E681BBC4AFE008EF19C /* TipCalculatorUITests.swift */ = {isa = PBXFileReference; lastKnownFileType = sourcecode.swift; path = TipCalculatorUITests.swift; sourceTree = "<group>"; };
		3F848E6A1BBC4AFE008EF19C /* Info.plist */ = {isa = PBXFileReference; lastKnownFileType = text.plist.xml; path = Info.plist; sourceTree = "<group>"; };
/* End PBXFileReference section */

/* Begin PBXFrameworksBuildPhase section */
		3F848E421BBC4AFE008EF19C /* Frameworks */ = {
			isa = PBXFrameworksBuildPhase;
			buildActionMask = 2147483647;
			files = (
			);
			runOnlyForDeploymentPostprocessing = 0;
		};
		3F848E561BBC4AFE008EF19C /* Frameworks */ = {
			isa = PBXFrameworksBuildPhase;
			buildActionMask = 2147483647;
			files = (
			);
			runOnlyForDeploymentPostprocessing = 0;
		};
		3F848E611BBC4AFE008EF19C /* Frameworks */ = {
			isa = PBXFrameworksBuildPhase;
			buildActionMask = 2147483647;
			files = (
			);
			runOnlyForDeploymentPostprocessing = 0;
		};
/* End PBXFrameworksBuildPhase section */

/* Begin PBXGroup section */
		3F848E3C1BBC4AFE008EF19C = {
			isa = PBXGroup;
			children = (
				3F848E471BBC4AFE008EF19C /* TipCalculator */,
				3F848E5C1BBC4AFE008EF19C /* TipCalculatorTests */,
				3F848E671BBC4AFE008EF19C /* TipCalculatorUITests */,
				3F848E461BBC4AFE008EF19C /* Products */,
			);
			sourceTree = "<group>";
		};
		3F848E461BBC4AFE008EF19C /* Products */ = {
			isa = PBXGroup;
			children = (
				3F848E451BBC4AFE008EF19C /* TipCalculator.app */,
				3F848E591BBC4AFE008EF19C /* TipCalculatorTests.xctest */,
				3F848E641BBC4AFE008EF19C /* TipCalculatorUITests.xctest */,
			);
			name = Products;
			sourceTree = "<group>";
		};
		3F848E471BBC4AFE008EF19C /* TipCalculator */ = {
			isa = PBXGroup;
			children = (
				3F848E481BBC4AFE008EF19C /* AppDelegate.swift */,
				3F848E4A1BBC4AFE008EF19C /* ViewController.swift */,
				3F848E4C1BBC4AFE008EF19C /* Main.storyboard */,
				3F848E4F1BBC4AFE008EF19C /* Assets.xcassets */,
				3F848E511BBC4AFE008EF19C /* LaunchScreen.storyboard */,
				3F848E541BBC4AFE008EF19C /* Info.plist */,
			);
			path = TipCalculator;
			sourceTree = "<group>";
		};
		3F848E5C1BBC4AFE008EF19C /* TipCalculatorTests */ = {
			isa = PBXGroup;
			children = (
				3F848E5D1BBC4AFE008EF19C /* TipCalculatorTests.swift */,
				3F848E5F1BBC4AFE008EF19C /* Info.plist */,
			);
			path = TipCalculatorTests;
			sourceTree = "<group>";
		};
		3F848E671BBC4AFE008EF19C /* TipCalculatorUITests */ = {
			isa = PBXGroup;
			children = (
				3F848E681BBC4AFE008EF19C /* TipCalculatorUITests.swift */,
				3F848E6A1BBC4AFE008EF19C /* Info.plist */,
			);
			path = TipCalculatorUITests;
			sourceTree = "<group>";
		};
/* End PBXGroup section */

/* Begin PBXNativeTarget section */
		3F848E441BBC4AFE008EF19C /* TipCalculator */ = {
			isa = PBXNativeTarget;
			buildConfigurationList = 3F848E6D1BBC4AFE008EF19C /* Build configuration list for PBXNativeTarget "TipCalculator" */;
			buildPhases = (
				3F848E411BBC4AFE008EF19C /* Sources */,
				3F848E421BBC4AFE008EF19C /* Frameworks */,
				3F848E431BBC4AFE008EF19C /* Resources */,
			);
			buildRules = (
			);
			dependencies = (
			);
			name = TipCalculator;
			productName = TipCalculator;
			productReference = 3F848E451BBC4AFE008EF19C /* TipCalculator.app */;
			productType = "com.apple.product-type.application";
		};
		3F848E581BBC4AFE008EF19C /* TipCalculatorTests */ = {
			isa = PBXNativeTarget;
			buildConfigurationList = 3F848E701BBC4AFE008EF19C /* Build configuration list for PBXNativeTarget "TipCalculatorTests" */;
			buildPhases = (
				3F848E551BBC4AFE008EF19C /* Sources */,
				3F848E561BBC4AFE008EF19C /* Frameworks */,
				3F848E571BBC4AFE008EF19C /* Resources */,
			);
			buildRules = (
			);
			dependencies = (
				3F848E5B1BBC4AFE008EF19C /* PBXTargetDependency */,
			);
			name = TipCalculatorTests;
			productName = TipCalculatorTests;
			productReference = 3F848E591BBC4AFE008EF19C /* TipCalculatorTests.xctest */;
			productType = "com.apple.product-type.bundle.unit-test";
		};
		3F848E631BBC4AFE008EF19C /* TipCalculatorUITests */ = {
			isa = PBXNativeTarget;
			buildConfigurationList = 3F848E731BBC4AFE008EF19C /* Build configuration list for PBXNativeTarget "TipCalculatorUITests" */;
			buildPhases = (
				3F848E601BBC4AFE008EF19C /* Sources */,
				3F848E611BBC4AFE008EF19C /* Frameworks */,
				3F848E621BBC4AFE008EF19C /* Resources */,
			);
			buildRules = (
			);
			dependencies = (
				3F848E661BBC4AFE008EF19C /* PBXTargetDependency */,
			);
			name = TipCalculatorUITests;
			productName = TipCalculatorUITests;
			productReference = 3F848E641BBC4AFE008EF19C /* TipCalculatorUITests.xctest */;
			productType = "com.apple.product-type.bundle.ui-testing";
		};
/* End PBXNativeTarget section */

/* Begin PBXProject section */
		3F848E3D1BBC4AFE008EF19C /* Project object */ = {
			isa = PBXProject;
			attributes = {
				LastUpgradeCheck = 0700;
				ORGANIZATIONNAME = "sketchmaster enterprises";
				TargetAttributes = {
					3F848E441BBC4AFE008EF19C = {
						CreatedOnToolsVersion = 7.0;
					};
					3F848E581BBC4AFE008EF19C = {
						CreatedOnToolsVersion = 7.0;
						TestTargetID = 3F848E441BBC4AFE008EF19C;
					};
					3F848E631BBC4AFE008EF19C = {
						CreatedOnToolsVersion = 7.0;
						TestTargetID = 3F848E441BBC4AFE008EF19C;
					};
				};
			};
			buildConfigurationList = 3F848E401BBC4AFE008EF19C /* Build configuration list for PBXProject "TipCalculator" */;
			compatibilityVersion = "Xcode 3.2";
			developmentRegion = English;
			hasScannedForEncodings = 0;
			knownRegions = (
				en,
				Base,
			);
			mainGroup = 3F848E3C1BBC4AFE008EF19C;
			productRefGroup = 3F848E461BBC4AFE008EF19C /* Products */;
			projectDirPath = "";
			projectRoot = "";
			targets = (
				3F848E441BBC4AFE008EF19C /* TipCalculator */,
				3F848E581BBC4AFE008EF19C /* TipCalculatorTests */,
				3F848E631BBC4AFE008EF19C /* TipCalculatorUITests */,
			);
		};
/* End PBXProject section */

/* Begin PBXResourcesBuildPhase section */
		3F848E431BBC4AFE008EF19C /* Resources */ = {
			isa = PBXResourcesBuildPhase;
			buildActionMask = 2147483647;
			files = (
				3F848E531BBC4AFE008EF19C /* LaunchScreen.storyboard in Resources */,
				3F848E501BBC4AFE008EF19C /* Assets.xcassets in Resources */,
				3F848E4E1BBC4AFE008EF19C /* Main.storyboard in Resources */,
			);
			runOnlyForDeploymentPostprocessing = 0;
		};
		3F848E571BBC4AFE008EF19C /* Resources */ = {
			isa = PBXResourcesBuildPhase;
			buildActionMask = 2147483647;
			files = (
			);
			runOnlyForDeploymentPostprocessing = 0;
		};
		3F848E621BBC4AFE008EF19C /* Resources */ = {
			isa = PBXResourcesBuildPhase;
			buildActionMask = 2147483647;
			files = (
			);
			runOnlyForDeploymentPostprocessing = 0;
		};
/* End PBXResourcesBuildPhase section */

/* Begin PBXSourcesBuildPhase section */
		3F848E411BBC4AFE008EF19C /* Sources */ = {
			isa = PBXSourcesBuildPhase;
			buildActionMask = 2147483647;
			files = (
				3F848E4B1BBC4AFE008EF19C /* ViewController.swift in Sources */,
				3F848E491BBC4AFE008EF19C /* AppDelegate.swift in Sources */,
			);
			runOnlyForDeploymentPostprocessing = 0;
		};
		3F848E551BBC4AFE008EF19C /* Sources */ = {
			isa = PBXSourcesBuildPhase;
			buildActionMask = 2147483647;
			files = (
				3F848E5E1BBC4AFE008EF19C /* TipCalculatorTests.swift in Sources */,
			);
			runOnlyForDeploymentPostprocessing = 0;
		};
		3F848E601BBC4AFE008EF19C /* Sources */ = {
			isa = PBXSourcesBuildPhase;
			buildActionMask = 2147483647;
			files = (
				3F848E691BBC4AFE008EF19C /* TipCalculatorUITests.swift in Sources */,
			);
			runOnlyForDeploymentPostprocessing = 0;
		};
/* End PBXSourcesBuildPhase section */

/* Begin PBXTargetDependency section */
		3F848E5B1BBC4AFE008EF19C /* PBXTargetDependency */ = {
			isa = PBXTargetDependency;
			target = 3F848E441BBC4AFE008EF19C /* TipCalculator */;
			targetProxy = 3F848E5A1BBC4AFE008EF19C /* PBXContainerItemProxy */;
		};
		3F848E661BBC4AFE008EF19C /* PBXTargetDependency */ = {
			isa = PBXTargetDependency;
			target = 3F848E441BBC4AFE008EF19C /* TipCalculator */;
			targetProxy = 3F848E651BBC4AFE008EF19C /* PBXContainerItemProxy */;
		};
/* End PBXTargetDependency section */

/* Begin PBXVariantGroup section */
		3F848E4C1BBC4AFE008EF19C /* Main.storyboard */ = {
			isa = PBXVariantGroup;
			children = (
				3F848E4D1BBC4AFE008EF19C /* Base */,
			);
			name = Main.storyboard;
			sourceTree = "<group>";
		};
		3F848E511BBC4AFE008EF19C /* LaunchScreen.storyboard */ = {
			isa = PBXVariantGroup;
			children = (
				3F848E521BBC4AFE008EF19C /* Base */,
			);
			name = LaunchScreen.storyboard;
			sourceTree = "<group>";
		};
/* End PBXVariantGroup section */

/* Begin XCBuildConfiguration section */
		3F848E6B1BBC4AFE008EF19C /* Debug */ = {
			isa = XCBuildConfiguration;
			buildSettings = {
				ALWAYS_SEARCH_USER_PATHS = NO;
				CLANG_CXX_LANGUAGE_STANDARD = "gnu++0x";
				CLANG_CXX_LIBRARY = "libc++";
				CLANG_ENABLE_MODULES = YES;
				CLANG_ENABLE_OBJC_ARC = YES;
				CLANG_WARN_BOOL_CONVERSION = YES;
				CLANG_WARN_CONSTANT_CONVERSION = YES;
				CLANG_WARN_DIRECT_OBJC_ISA_USAGE = YES_ERROR;
				CLANG_WARN_EMPTY_BODY = YES;
				CLANG_WARN_ENUM_CONVERSION = YES;
				CLANG_WARN_INT_CONVERSION = YES;
				CLANG_WARN_OBJC_ROOT_CLASS = YES_ERROR;
				CLANG_WARN_UNREACHABLE_CODE = YES;
				CLANG_WARN__DUPLICATE_METHOD_MATCH = YES;
				"CODE_SIGN_IDENTITY[sdk=iphoneos*]" = "iPhone Developer";
				COPY_PHASE_STRIP = NO;
				DEBUG_INFORMATION_FORMAT = dwarf;
				ENABLE_STRICT_OBJC_MSGSEND = YES;
				ENABLE_TESTABILITY = YES;
				GCC_C_LANGUAGE_STANDARD = gnu99;
				GCC_DYNAMIC_NO_PIC = NO;
				GCC_NO_COMMON_BLOCKS = YES;
				GCC_OPTIMIZATION_LEVEL = 0;
				GCC_PREPROCESSOR_DEFINITIONS = (
					"DEBUG=1",
					"$(inherited)",
				);
				GCC_WARN_64_TO_32_BIT_CONVERSION = YES;
				GCC_WARN_ABOUT_RETURN_TYPE = YES_ERROR;
				GCC_WARN_UNDECLARED_SELECTOR = YES;
				GCC_WARN_UNINITIALIZED_AUTOS = YES_AGGRESSIVE;
				GCC_WARN_UNUSED_FUNCTION = YES;
				GCC_WARN_UNUSED_VARIABLE = YES;
				IPHONEOS_DEPLOYMENT_TARGET = 9.0;
				MTL_ENABLE_DEBUG_INFO = YES;
				ONLY_ACTIVE_ARCH = YES;
				SDKROOT = iphoneos;
				SWIFT_OPTIMIZATION_LEVEL = "-Onone";
				TARGETED_DEVICE_FAMILY = "1,2";
			};
			name = Debug;
		};
		3F848E6C1BBC4AFE008EF19C /* Release */ = {
			isa = XCBuildConfiguration;
			buildSettings = {
				ALWAYS_SEARCH_USER_PATHS = NO;
				CLANG_CXX_LANGUAGE_STANDARD = "gnu++0x";
				CLANG_CXX_LIBRARY = "libc++";
				CLANG_ENABLE_MODULES = YES;
				CLANG_ENABLE_OBJC_ARC = YES;
				CLANG_WARN_BOOL_CONVERSION = YES;
				CLANG_WARN_CONSTANT_CONVERSION = YES;
				CLANG_WARN_DIRECT_OBJC_ISA_USAGE = YES_ERROR;
				CLANG_WARN_EMPTY_BODY = YES;
				CLANG_WARN_ENUM_CONVERSION = YES;
				CLANG_WARN_INT_CONVERSION = YES;
				CLANG_WARN_OBJC_ROOT_CLASS = YES_ERROR;
				CLANG_WARN_UNREACHABLE_CODE = YES;
				CLANG_WARN__DUPLICATE_METHOD_MATCH = YES;
				"CODE_SIGN_IDENTITY[sdk=iphoneos*]" = "iPhone Developer";
				COPY_PHASE_STRIP = NO;
				DEBUG_INFORMATION_FORMAT = "dwarf-with-dsym";
				ENABLE_NS_ASSERTIONS = NO;
				ENABLE_STRICT_OBJC_MSGSEND = YES;
				GCC_C_LANGUAGE_STANDARD = gnu99;
				GCC_NO_COMMON_BLOCKS = YES;
				GCC_WARN_64_TO_32_BIT_CONVERSION = YES;
				GCC_WARN_ABOUT_RETURN_TYPE = YES_ERROR;
				GCC_WARN_UNDECLARED_SELECTOR = YES;
				GCC_WARN_UNINITIALIZED_AUTOS = YES_AGGRESSIVE;
				GCC_WARN_UNUSED_FUNCTION = YES;
				GCC_WARN_UNUSED_VARIABLE = YES;
				IPHONEOS_DEPLOYMENT_TARGET = 9.0;
				MTL_ENABLE_DEBUG_INFO = NO;
				SDKROOT = iphoneos;
				TARGETED_DEVICE_FAMILY = "1,2";
				VALIDATE_PRODUCT = YES;
			};
			name = Release;
		};
		3F848E6E1BBC4AFE008EF19C /* Debug */ = {
			isa = XCBuildConfiguration;
			buildSettings = {
				ASSETCATALOG_COMPILER_APPICON_NAME = AppIcon;
				INFOPLIST_FILE = TipCalculator/Info.plist;
				LD_RUNPATH_SEARCH_PATHS = "$(inherited) @executable_path/Frameworks";
				PRODUCT_BUNDLE_IDENTIFIER = "A-Weapon-To-Surpass-Metal-Gear.TipCalculator";
				PRODUCT_NAME = "$(TARGET_NAME)";
			};
			name = Debug;
		};
		3F848E6F1BBC4AFE008EF19C /* Release */ = {
			isa = XCBuildConfiguration;
			buildSettings = {
				ASSETCATALOG_COMPILER_APPICON_NAME = AppIcon;
				INFOPLIST_FILE = TipCalculator/Info.plist;
				LD_RUNPATH_SEARCH_PATHS = "$(inherited) @executable_path/Frameworks";
				PRODUCT_BUNDLE_IDENTIFIER = "A-Weapon-To-Surpass-Metal-Gear.TipCalculator";
				PRODUCT_NAME = "$(TARGET_NAME)";
			};
			name = Release;
		};
		3F848E711BBC4AFE008EF19C /* Debug */ = {
			isa = XCBuildConfiguration;
			buildSettings = {
				BUNDLE_LOADER = "$(TEST_HOST)";
				INFOPLIST_FILE = TipCalculatorTests/Info.plist;
				LD_RUNPATH_SEARCH_PATHS = "$(inherited) @executable_path/Frameworks @loader_path/Frameworks";
				PRODUCT_BUNDLE_IDENTIFIER = "A-Weapon-To-Surpass-Metal-Gear.TipCalculatorTests";
				PRODUCT_NAME = "$(TARGET_NAME)";
				TEST_HOST = "$(BUILT_PRODUCTS_DIR)/TipCalculator.app/TipCalculator";
			};
			name = Debug;
		};
		3F848E721BBC4AFE008EF19C /* Release */ = {
			isa = XCBuildConfiguration;
			buildSettings = {
				BUNDLE_LOADER = "$(TEST_HOST)";
				INFOPLIST_FILE = TipCalculatorTests/Info.plist;
				LD_RUNPATH_SEARCH_PATHS = "$(inherited) @executable_path/Frameworks @loader_path/Frameworks";
				PRODUCT_BUNDLE_IDENTIFIER = "A-Weapon-To-Surpass-Metal-Gear.TipCalculatorTests";
				PRODUCT_NAME = "$(TARGET_NAME)";
				TEST_HOST = "$(BUILT_PRODUCTS_DIR)/TipCalculator.app/TipCalculator";
			};
			name = Release;
		};
		3F848E741BBC4AFE008EF19C /* Debug */ = {
			isa = XCBuildConfiguration;
			buildSettings = {
				INFOPLIST_FILE = TipCalculatorUITests/Info.plist;
				LD_RUNPATH_SEARCH_PATHS = "$(inherited) @executable_path/Frameworks @loader_path/Frameworks";
				PRODUCT_BUNDLE_IDENTIFIER = "A-Weapon-To-Surpass-Metal-Gear.TipCalculatorUITests";
				PRODUCT_NAME = "$(TARGET_NAME)";
				TEST_TARGET_NAME = TipCalculator;
				USES_XCTRUNNER = YES;
			};
			name = Debug;
		};
		3F848E751BBC4AFE008EF19C /* Release */ = {
			isa = XCBuildConfiguration;
			buildSettings = {
				INFOPLIST_FILE = TipCalculatorUITests/Info.plist;
				LD_RUNPATH_SEARCH_PATHS = "$(inherited) @executable_path/Frameworks @loader_path/Frameworks";
				PRODUCT_BUNDLE_IDENTIFIER = "A-Weapon-To-Surpass-Metal-Gear.TipCalculatorUITests";
				PRODUCT_NAME = "$(TARGET_NAME)";
				TEST_TARGET_NAME = TipCalculator;
				USES_XCTRUNNER = YES;
			};
			name = Release;
		};
/* End XCBuildConfiguration section */

/* Begin XCConfigurationList section */
		3F848E401BBC4AFE008EF19C /* Build configuration list for PBXProject "TipCalculator" */ = {
			isa = XCConfigurationList;
			buildConfigurations = (
				3F848E6B1BBC4AFE008EF19C /* Debug */,
				3F848E6C1BBC4AFE008EF19C /* Release */,
			);
			defaultConfigurationIsVisible = 0;
			defaultConfigurationName = Release;
		};
		3F848E6D1BBC4AFE008EF19C /* Build configuration list for PBXNativeTarget "TipCalculator" */ = {
			isa = XCConfigurationList;
			buildConfigurations = (
				3F848E6E1BBC4AFE008EF19C /* Debug */,
				3F848E6F1BBC4AFE008EF19C /* Release */,
			);
			defaultConfigurationIsVisible = 0;
		};
		3F848E701BBC4AFE008EF19C /* Build configuration list for PBXNativeTarget "TipCalculatorTests" */ = {
			isa = XCConfigurationList;
			buildConfigurations = (
				3F848E711BBC4AFE008EF19C /* Debug */,
				3F848E721BBC4AFE008EF19C /* Release */,
			);
			defaultConfigurationIsVisible = 0;
		};
		3F848E731BBC4AFE008EF19C /* Build configuration list for PBXNativeTarget "TipCalculatorUITests" */ = {
			isa = XCConfigurationList;
			buildConfigurations = (
				3F848E741BBC4AFE008EF19C /* Debug */,
				3F848E751BBC4AFE008EF19C /* Release */,
			);
			defaultConfigurationIsVisible = 0;
		};
/* End XCConfigurationList section */
	};
	rootObject = 3F848E3D1BBC4AFE008EF19C /* Project object */;
}
